# @generated - this file is auto-generated by `mise lock` https://mise.jdx.dev/dev-tools/mise-lock.html

[[tools.aws-cli]]
version = "2.34.29"
backend = "aqua:aws/aws-cli"

[tools.aws-cli."platforms.linux-arm64"]
url = "https://awscli.amazonaws.com/awscli-exe-linux-aarch64-2.34.29.zip"

[tools.aws-cli."platforms.linux-arm64-musl"]
url = "https://awscli.amazonaws.com/awscli-exe-linux-aarch64-2.34.29.zip"

[tools.aws-cli."platforms.linux-x64"]
url = "https://awscli.amazonaws.com/awscli-exe-linux-x86_64-2.34.29.zip"

[tools.aws-cli."platforms.linux-x64-musl"]
url = "https://awscli.amazonaws.com/awscli-exe-linux-x86_64-2.34.29.zip"

[tools.aws-cli."platforms.macos-arm64"]
url = "https://awscli.amazonaws.com/AWSCLIV2-2.34.29.pkg"

[tools.aws-cli."platforms.macos-x64"]
url = "https://awscli.amazonaws.com/AWSCLIV2-2.34.29.pkg"

[[tools.bat]]
version = "0.26.1"
backend = "aqua:sharkdp/bat"

[tools.bat."platforms.linux-arm64"]
checksum = "sha256:6369242c584065f195fb20cb36fbd7cb63ae690605bbe89868a7596b596c2c23"
url = "https://github.com/sharkdp/bat/releases/download/v0.26.1/bat-v0.26.1-aarch64-unknown-linux-musl.tar.gz"
url_api = "https://api.github.com/repos/sharkdp/bat/releases/assets/323548153"

[tools.bat."platforms.linux-arm64-musl"]
checksum = "sha256:6369242c584065f195fb20cb36fbd7cb63ae690605bbe89868a7596b596c2c23"
url = "https://github.com/sharkdp/bat/releases/download/v0.26.1/bat-v0.26.1-aarch64-unknown-linux-musl.tar.gz"
url_api = "https://api.github.com/repos/sharkdp/bat/releases/assets/323548153"

[tools.bat."platforms.linux-x64"]
checksum = "sha256:0dcd8ac79732c0d5b136f11f4ee00e581440e16a44eab5b3105b611bbf2cf191"
url = "https://github.com/sharkdp/bat/releases/download/v0.26.1/bat-v0.26.1-x86_64-unknown-linux-musl.tar.gz"
url_api = "https://api.github.com/repos/sharkdp/bat/releases/assets/323549429"

[tools.bat."platforms.linux-x64-musl"]
checksum = "sha256:0dcd8ac79732c0d5b136f11f4ee00e581440e16a44eab5b3105b611bbf2cf191"
url = "https://github.com/sharkdp/bat/releases/download/v0.26.1/bat-v0.26.1-x86_64-unknown-linux-musl.tar.gz"
url_api = "https://api.github.com/repos/sharkdp/bat/releases/assets/323549429"

[tools.bat."platforms.macos-arm64"]
checksum = "sha256:e30beff26779c9bf60bb541e1d79046250cb74378f2757f8eb250afddb19e114"
url = "https://github.com/sharkdp/bat/releases/download/v0.26.1/bat-v0.26.1-aarch64-apple-darwin.tar.gz"
url_api = "https://api.github.com/repos/sharkdp/bat/releases/assets/323548442"

[tools.bat."platforms.macos-x64"]
checksum = "sha256:830d63b0bba1fa040542ec569e3cf77f60d3356b9de75116a344b061e0894245"
url = "https://github.com/sharkdp/bat/releases/download/v0.26.1/bat-v0.26.1-x86_64-apple-darwin.tar.gz"
url_api = "https://api.github.com/repos/sharkdp/bat/releases/assets/323549786"

[tools.bat."platforms.windows-x64"]
checksum = "sha256:0f729b4b6f5f28d395c641eacc2e9ff68d0096b85aa0eec344aa62425144b69b"
url = "https://github.com/sharkdp/bat/releases/download/v0.26.1/bat-v0.26.1-x86_64-pc-windows-msvc.zip"
url_api = "https://api.github.com/repos/sharkdp/bat/releases/assets/323549116"

[[tools.dua]]
version = "2.42.1"
backend = "aqua:Byron/dua-cli"

[tools.dua."platforms.linux-arm64"]
checksum = "sha256:3b68248d4b6c4b05042f1ba7579502cc6a62fbe903be3871b54f3fd99fd5c98d"
url = "https://github.com/Byron/dua-cli/releases/download/v2.42.1/dua-v2.42.1-aarch64-unknown-linux-musl.tar.gz"
url_api = "https://api.github.com/repos/Byron/dua-cli/releases/assets/515321877"

[tools.dua."platforms.linux-arm64-musl"]
checksum = "sha256:3b68248d4b6c4b05042f1ba7579502cc6a62fbe903be3871b54f3fd99fd5c98d"
url = "https://github.com/Byron/dua-cli/releases/download/v2.42.1/dua-v2.42.1-aarch64-unknown-linux-musl.tar.gz"
url_api = "https://api.github.com/repos/Byron/dua-cli/releases/assets/515321877"

[tools.dua."platforms.linux-x64"]
checksum = "sha256:897e1f394c696c5be81670f95fb457c89ee35e898aa3100f95b7abf1563bf329"
url = "https://github.com/Byron/dua-cli/releases/download/v2.42.1/dua-v2.42.1-x86_64-unknown-linux-musl.tar.gz"
url_api = "https://api.github.com/repos/Byron/dua-cli/releases/assets/515321819"

[tools.dua."platforms.linux-x64-musl"]
checksum = "sha256:897e1f394c696c5be81670f95fb457c89ee35e898aa3100f95b7abf1563bf329"
url = "https://github.com/Byron/dua-cli/releases/download/v2.42.1/dua-v2.42.1-x86_64-unknown-linux-musl.tar.gz"
url_api = "https://api.github.com/repos/Byron/dua-cli/releases/assets/515321819"

[tools.dua."platforms.macos-arm64"]
checksum = "sha256:7568c5960074f4250781fcddd1d8bac0178b3cf2cf22f76377dcc63121bf7e81"
url = "https://github.com/Byron/dua-cli/releases/download/v2.42.1/dua-v2.42.1-x86_64-apple-darwin.tar.gz"
url_api = "https://api.github.com/repos/Byron/dua-cli/releases/assets/515321170"

[tools.dua."platforms.macos-x64"]
checksum = "sha256:7568c5960074f4250781fcddd1d8bac0178b3cf2cf22f76377dcc63121bf7e81"
url = "https://github.com/Byron/dua-cli/releases/download/v2.42.1/dua-v2.42.1-x86_64-apple-darwin.tar.gz"
url_api = "https://api.github.com/repos/Byron/dua-cli/releases/assets/515321170"

[tools.dua."platforms.windows-x64"]
checksum = "sha256:6e81d82dee23e45fb7e93b61c94ad827e5805cd4e6169882298eab4d07b0330d"
url = "https://github.com/Byron/dua-cli/releases/download/v2.42.1/dua-v2.42.1-x86_64-pc-windows-msvc.zip"
url_api = "https://api.github.com/repos/Byron/dua-cli/releases/assets/515322841"

[[tools.eza]]
version = "0.23.5"
backend = "vfox:eza"

[tools.eza."platforms.linux-arm64"]
url = "https://github.com/eza-community/eza/releases/download/v0.23.5/eza_aarch64-unknown-linux-gnu.tar.gz"

[tools.eza."platforms.linux-arm64-musl"]
url = "https://github.com/eza-community/eza/releases/download/v0.23.5/eza_aarch64-unknown-linux-gnu.tar.gz"

[tools.eza."platforms.linux-x64"]
url = "https://github.com/eza-community/eza/releases/download/v0.23.5/eza_x86_64-unknown-linux-gnu.tar.gz"

[tools.eza."platforms.linux-x64-musl"]
url = "https://github.com/eza-community/eza/releases/download/v0.23.5/eza_x86_64-unknown-linux-gnu.tar.gz"

[tools.eza."platforms.macos-arm64"]
url = "https://github.com/cargo-bins/cargo-quickinstall/releases/download/eza-0.23.5/eza-0.23.5-aarch64-apple-darwin.tar.gz"

[tools.eza."platforms.macos-x64"]
url = "https://github.com/cargo-bins/cargo-quickinstall/releases/download/eza-0.23.5/eza-0.23.5-x86_64-apple-darwin.tar.gz"

[tools.eza."platforms.windows-x64"]
url = "https://github.com/eza-community/eza/releases/download/v0.23.5/eza.exe_x86_64-pc-windows-gnu.tar.gz"

[[tools.gcloud]]
version = "564.0.0"
backend = "vfox:mise-plugins/vfox-gcloud"

[tools.gcloud."platforms.linux-arm64"]
url = "https://storage.googleapis.com/cloud-sdk-release/google-cloud-sdk-564.0.0-linux-arm.tar.gz"

[tools.gcloud."platforms.linux-arm64-musl"]
url = "https://storage.googleapis.com/cloud-sdk-release/google-cloud-sdk-564.0.0-linux-arm.tar.gz"

[tools.gcloud."platforms.linux-x64"]
url = "https://storage.googleapis.com/cloud-sdk-release/google-cloud-sdk-564.0.0-linux-x86_64.tar.gz"

[tools.gcloud."platforms.linux-x64-musl"]
url = "https://storage.googleapis.com/cloud-sdk-release/google-cloud-sdk-564.0.0-linux-x86_64.tar.gz"

[tools.gcloud."platforms.macos-arm64"]
url = "https://storage.googleapis.com/cloud-sdk-release/google-cloud-sdk-564.0.0-darwin-arm.tar.gz"

[tools.gcloud."platforms.macos-x64"]
url = "https://storage.googleapis.com/cloud-sdk-release/google-cloud-sdk-564.0.0-darwin-x86_64.tar.gz"

[tools.gcloud."platforms.windows-x64"]
url = "https://storage.googleapis.com/cloud-sdk-release/google-cloud-sdk-564.0.0-windows-x86_64.zip"

[[tools.go]]
version = "1.26.1"
backend = "core:go"

[tools.go."platforms.linux-arm64"]
checksum = "sha256:a290581cfe4fe28ddd737dde3095f3dbeb7f2e4065cab4eae44dfc53b760c2f7"
url = "https://dl.google.com/go/go1.26.1.linux-arm64.tar.gz"

[tools.go."platforms.linux-arm64-musl"]
checksum = "sha256:a290581cfe4fe28ddd737dde3095f3dbeb7f2e4065cab4eae44dfc53b760c2f7"
url = "https://dl.google.com/go/go1.26.1.linux-arm64.tar.gz"

[tools.go."platforms.linux-x64"]
checksum = "sha256:031f088e5d955bab8657ede27ad4e3bc5b7c1ba281f05f245bcc304f327c987a"
url = "https://dl.google.com/go/go1.26.1.linux-amd64.tar.gz"

[tools.go."platforms.linux-x64-musl"]
checksum = "sha256:031f088e5d955bab8657ede27ad4e3bc5b7c1ba281f05f245bcc304f327c987a"
url = "https://dl.google.com/go/go1.26.1.linux-amd64.tar.gz"

[tools.go."platforms.macos-arm64"]
checksum = "sha256:353df43a7811ce284c8938b5f3c7df40b7bfb6f56cb165b150bc40b5e2dd541f"
url = "https://dl.google.com/go/go1.26.1.darwin-arm64.tar.gz"

[tools.go."platforms.macos-x64"]
checksum = "sha256:65773dab2f8cc4cd23d93ba6d0a805de150ca0b78378879292be0b903b8cdd08"
url = "https://dl.google.com/go/go1.26.1.darwin-amd64.tar.gz"

[tools.go."platforms.windows-x64"]
checksum = "sha256:9b68112c913f45b7aebbf13c036721264bbba7e03a642f8f7490c561eebd1ecc"
url = "https://dl.google.com/go/go1.26.1.windows-amd64.zip"

[[tools.java]]
version = "openjdk-25.0.2"
backend = "core:java"

[tools.java."platforms.linux-arm64"]
checksum = "sha256:671208d205e70c9805da45a483f670d49dd64654990a7b7223ccffb2abb070dd"
url = "https://download.java.net/java/GA/jdk25.0.2/b1e0dfa218384cb9959bdcb897162d4e/10/GPL/openjdk-25.0.2_linux-aarch64_bin.tar.gz"

[tools.java."platforms.linux-x64"]
checksum = "sha256:555ce0821e4fe175ea50d54518cd6fbece9663c1998de529bc6ce429534457df"
url = "https://download.java.net/java/GA/jdk25.0.2/b1e0dfa218384cb9959bdcb897162d4e/10/GPL/openjdk-25.0.2_linux-x64_bin.tar.gz"

[tools.java."platforms.macos-arm64"]
checksum = "sha256:7581b0d1752cd5acbf39e286c03f07b6cd6c205b562eb2fe753ff0253cf4c1bf"
url = "https://download.java.net/java/GA/jdk25.0.2/b1e0dfa218384cb9959bdcb897162d4e/10/GPL/openjdk-25.0.2_macos-aarch64_bin.tar.gz"

[tools.java."platforms.macos-x64"]
checksum = "sha256:4ec2f4bc47b057fdf9cda07af27fae8f3605e90fa963d4240d63baeb46ede460"
url = "https://download.java.net/java/GA/jdk25.0.2/b1e0dfa218384cb9959bdcb897162d4e/10/GPL/openjdk-25.0.2_macos-x64_bin.tar.gz"

[tools.java."platforms.windows-x64"]
checksum = "sha256:74784a0c07258f32d36e9224dd79187c566d831c30d47dc06888d4212087331d"
url = "https://download.java.net/java/GA/jdk25.0.2/b1e0dfa218384cb9959bdcb897162d4e/10/GPL/openjdk-25.0.2_windows-x64_bin.zip"

[[tools.node]]
version = "24.14.1"
backend = "core:node"

[tools.node."platforms.linux-arm64"]
checksum = "sha256:734ff04fa7f8ed2e8a78d40cacf5ac3fc4515dac2858757cbab313eb483ba8a2"
url = "https://nodejs.org/dist/v24.14.1/node-v24.14.1-linux-arm64.tar.gz"

[tools.node."platforms.linux-arm64-musl"]
checksum = "sha256:e3ada28bcce0f440d8692372004a3338e96ff0b5cf8399bb38ae30a8adecdf08"
url = "https://unofficial-builds.nodejs.org/download/release/v24.14.1/node-v24.14.1-linux-arm64-musl.tar.gz"

[tools.node."platforms.linux-x64"]
checksum = "sha256:ace9fa104992ed0829642629c46ca7bd7fd6e76278cb96c958c4b387d29658ea"
url = "https://nodejs.org/dist/v24.14.1/node-v24.14.1-linux-x64.tar.gz"

[tools.node."platforms.linux-x64-musl"]
checksum = "sha256:4cdc6bf5891d1f51903c663b2f7f6a636c24dd5940a62a1785ea3d911284b008"
url = "https://unofficial-builds.nodejs.org/download/release/v24.14.1/node-v24.14.1-linux-x64-musl.tar.gz"

[tools.node."platforms.macos-arm64"]
checksum = "sha256:25495ff85bd89e2d8a24d88566d7e2f827c6b0d3d872b2cebf75371f93fcb1fe"
url = "https://nodejs.org/dist/v24.14.1/node-v24.14.1-darwin-arm64.tar.gz"

[tools.node."platforms.macos-x64"]
checksum = "sha256:2526230ad7d922be82d4fdb1e7ee1e84303e133e3b4b0ec4c2897ab31de0253d"
url = "https://nodejs.org/dist/v24.14.1/node-v24.14.1-darwin-x64.tar.gz"

[tools.node."platforms.windows-x64"]
checksum = "sha256:6e50ce5498c0cebc20fd39ab3ff5df836ed2f8a31aa093cecad8497cff126d70"
url = "https://nodejs.org/dist/v24.14.1/node-v24.14.1-win-x64.zip"

[[tools.pi]]
version = "0.84.2"
backend = "aqua:earendil-works/pi"

[tools.pi."platforms.linux-arm64"]
checksum = "sha256:d15372da9e4b4c5fef9fd15bed76d7f5f1720dd39fe7cde0ec62e5b65ad63ef1"
url = "https://github.com/earendil-works/pi/releases/download/v0.84.2/pi-linux-arm64.tar.gz"
url_api = "https://api.github.com/repos/earendil-works/pi/releases/assets/514255761"

[tools.pi."platforms.linux-arm64-musl"]
checksum = "sha256:d15372da9e4b4c5fef9fd15bed76d7f5f1720dd39fe7cde0ec62e5b65ad63ef1"
url = "https://github.com/earendil-works/pi/releases/download/v0.84.2/pi-linux-arm64.tar.gz"
url_api = "https://api.github.com/repos/earendil-works/pi/releases/assets/514255761"

[tools.pi."platforms.linux-x64"]
checksum = "sha256:906fbe787fd225c4ac624fe7ebd5b1d55a60e0f5c7ef51795d231564f9ee1c13"
url = "https://github.com/earendil-works/pi/releases/download/v0.84.2/pi-linux-x64.tar.gz"
url_api = "https://api.github.com/repos/earendil-works/pi/releases/assets/514255760"

[tools.pi."platforms.linux-x64-musl"]
checksum = "sha256:906fbe787fd225c4ac624fe7ebd5b1d55a60e0f5c7ef51795d231564f9ee1c13"
url = "https://github.com/earendil-works/pi/releases/download/v0.84.2/pi-linux-x64.tar.gz"
url_api = "https://api.github.com/repos/earendil-works/pi/releases/assets/514255760"

[tools.pi."platforms.macos-arm64"]
checksum = "sha256:c996e888b7f7dce44bcf24f69176ac646c44139d3916bd49a6b28e5a8c5e3a65"
url = "https://github.com/earendil-works/pi/releases/download/v0.84.2/pi-darwin-arm64.tar.gz"
url_api = "https://api.github.com/repos/earendil-works/pi/releases/assets/514255762"

[tools.pi."platforms.macos-x64"]
checksum = "sha256:808cf02a93cd601d3ea05d47dc15c45074b120ac81decc8644cd3e40a35824e6"
url = "https://github.com/earendil-works/pi/releases/download/v0.84.2/pi-darwin-x64.tar.gz"
url_api = "https://api.github.com/repos/earendil-works/pi/releases/assets/514255759"

[tools.pi."platforms.windows-x64"]
checksum = "sha256:741fc1ae1afecb573ac2888e011188ff446b3940f4aabe1583f60bf55be8a3d0"
url = "https://github.com/earendil-works/pi/releases/download/v0.84.2/pi-windows-x64.zip"
url_api = "https://api.github.com/repos/earendil-works/pi/releases/assets/514255777"

[[tools.prettier]]
version = "3.8.2"
backend = "npm:prettier"

[[tools.ruby]]
version = "3.3.11"
backend = "core:ruby"

[tools.ruby."platforms.windows-x64"]
checksum = "sha256:ee5e71a19bb676302d2d3fb725e2ad3adfee2fdc2f2d64a61830a2d4c0fa9a47"
url = "https://github.com/oneclick/rubyinstaller2/releases/download/RubyInstaller-3.3.11-1/rubyinstaller-3.3.11-1-x64.7z"

[[tools.ruby]]
version = "3.3.11"
backend = "core:ruby"

[tools.ruby.options]
compile = "false"
precompiled_url = "jdx/ruby"
ruby_build_repo = "https://github.com/rbenv/ruby-build.git"
ruby_install = "false"

[tools.ruby."platforms.linux-arm64"]
checksum = "sha256:33d281c78e15930349f0e669919d253f783a1934b66d43c6c75e55a1a736bdf5"
url = "https://github.com/jdx/ruby/releases/download/3.3.11-5/ruby-3.3.11.arm64_linux.tar.gz"
provenance = "github-attestations"

[tools.ruby."platforms.linux-arm64-musl"]
checksum = "sha256:33d281c78e15930349f0e669919d253f783a1934b66d43c6c75e55a1a736bdf5"
url = "https://github.com/jdx/ruby/releases/download/3.3.11-5/ruby-3.3.11.arm64_linux.tar.gz"
provenance = "github-attestations"

[tools.ruby."platforms.linux-x64"]
checksum = "sha256:7a0f8b0cf6bdaeb60e87d7aebe1fe00c530356651973d8b9d48f21f14d30086a"
url = "https://github.com/jdx/ruby/releases/download/3.3.11-5/ruby-3.3.11.x86_64_linux.tar.gz"
provenance = "github-attestations"

[tools.ruby."platforms.linux-x64-musl"]
checksum = "sha256:7a0f8b0cf6bdaeb60e87d7aebe1fe00c530356651973d8b9d48f21f14d30086a"
url = "https://github.com/jdx/ruby/releases/download/3.3.11-5/ruby-3.3.11.x86_64_linux.tar.gz"
provenance = "github-attestations"

[tools.ruby."platforms.macos-arm64"]
checksum = "sha256:e91e59e42b6e00bc8796188d29ec8f37a69a46bf1387a25cae6fc40c60bb4483"
url = "https://github.com/jdx/ruby/releases/download/3.3.11-5/ruby-3.3.11.macos.tar.gz"
provenance = "github-attestations"

[tools.ruby."platforms.macos-x64"]
checksum = "sha256:59f0fafb1a59a05dc3765117af3fa68e153eb48254708549f321c1e9e078d7a0"
url = "https://cache.ruby-lang.org/pub/ruby/3.3/ruby-3.3.11.tar.gz"

[[tools.ruff]]
version = "0.15.10"
backend = "aqua:astral-sh/ruff"

[tools.ruff."platforms.linux-arm64"]
checksum = "sha256:84754f0e58f58fb123ea49b8d22b8ce2cc96e4046b7c1b1ed99f6af7fe76f8ef"
url = "https://github.com/astral-sh/ruff/releases/download/0.15.10/ruff-aarch64-unknown-linux-musl.tar.gz"
url_api = "https://api.github.com/repos/astral-sh/ruff/releases/assets/392436377"
provenance = "github-attestations"

[tools.ruff."platforms.linux-arm64-musl"]
checksum = "sha256:84754f0e58f58fb123ea49b8d22b8ce2cc96e4046b7c1b1ed99f6af7fe76f8ef"
url = "https://github.com/astral-sh/ruff/releases/download/0.15.10/ruff-aarch64-unknown-linux-musl.tar.gz"
url_api = "https://api.github.com/repos/astral-sh/ruff/releases/assets/392436377"
provenance = "github-attestations"

[tools.ruff."platforms.linux-x64"]
checksum = "sha256:8b0a16bae81e371c9b6176a27fdb9db1deaa04c4cfe87e8604a898cc31686500"
url = "https://github.com/astral-sh/ruff/releases/download/0.15.10/ruff-x86_64-unknown-linux-musl.tar.gz"
url_api = "https://api.github.com/repos/astral-sh/ruff/releases/assets/392436430"
provenance = "github-attestations"

[tools.ruff."platforms.linux-x64-musl"]
checksum = "sha256:8b0a16bae81e371c9b6176a27fdb9db1deaa04c4cfe87e8604a898cc31686500"
url = "https://github.com/astral-sh/ruff/releases/download/0.15.10/ruff-x86_64-unknown-linux-musl.tar.gz"
url_api = "https://api.github.com/repos/astral-sh/ruff/releases/assets/392436430"
provenance = "github-attestations"

[tools.ruff."platforms.macos-arm64"]
checksum = "sha256:77c1df502dcfaaec52c6ce203b504b8554c88ab66ac01313410fa68ad9aafd5b"
url = "https://github.com/astral-sh/ruff/releases/download/0.15.10/ruff-aarch64-apple-darwin.tar.gz"
url_api = "https://api.github.com/repos/astral-sh/ruff/releases/assets/392436358"
provenance = "github-attestations"

[tools.ruff."platforms.macos-x64"]
checksum = "sha256:7210e06196de876771cc0bad0f1d57678e709d039f184b491fdaa600d6a95a5e"
url = "https://github.com/astral-sh/ruff/releases/download/0.15.10/ruff-x86_64-apple-darwin.tar.gz"
url_api = "https://api.github.com/repos/astral-sh/ruff/releases/assets/392436420"
provenance = "github-attestations"

[tools.ruff."platforms.windows-x64"]
checksum = "sha256:6f8f9a445102107ee3c0a05c8f386bacb32238199ecbc0983b9b06c5ea3d7c5e"
url = "https://github.com/astral-sh/ruff/releases/download/0.15.10/ruff-x86_64-pc-windows-msvc.zip"
url_api = "https://api.github.com/repos/astral-sh/ruff/releases/assets/392436425"
provenance = "github-attestations"

[[tools.sops]]
version = "3.13.3"
backend = "asdf:sops"

[[tools.terraform]]
version = "1.15.8"
backend = "aqua:hashicorp/terraform"

[tools.terraform."platforms.linux-arm64"]
checksum = "sha256:8891e9dcedc9e3b8950bc6af9d4d8af1f4cfade3062f53b9dc403a89f6ce8c9c"
url = "https://releases.hashicorp.com/terraform/1.15.8/terraform_1.15.8_linux_arm64.zip"

[tools.terraform."platforms.linux-arm64-musl"]
checksum = "sha256:8891e9dcedc9e3b8950bc6af9d4d8af1f4cfade3062f53b9dc403a89f6ce8c9c"
url = "https://releases.hashicorp.com/terraform/1.15.8/terraform_1.15.8_linux_arm64.zip"

[tools.terraform."platforms.linux-x64"]
checksum = "sha256:d25ce7b6902013ad905db3d2eab0be4cd905887fe88b81a6171b8d5503c31f3d"
url = "https://releases.hashicorp.com/terraform/1.15.8/terraform_1.15.8_linux_amd64.zip"

[tools.terraform."platforms.linux-x64-musl"]
checksum = "sha256:d25ce7b6902013ad905db3d2eab0be4cd905887fe88b81a6171b8d5503c31f3d"
url = "https://releases.hashicorp.com/terraform/1.15.8/terraform_1.15.8_linux_amd64.zip"

[tools.terraform."platforms.macos-arm64"]
checksum = "sha256:f210110c5698b94d803a7a63cdb0251b5455c150841478808e2bbb343f95ed68"
url = "https://releases.hashicorp.com/terraform/1.15.8/terraform_1.15.8_darwin_arm64.zip"

[tools.terraform."platforms.macos-x64"]
checksum = "sha256:e2e812e783771159bf758fd4e55d6dc9bb08f63e2af2c63d212721807a02c5dc"
url = "https://releases.hashicorp.com/terraform/1.15.8/terraform_1.15.8_darwin_amd64.zip"

[tools.terraform."platforms.windows-x64"]
checksum = "sha256:2ff41d2129afb1982733c132c61a8d6ef038f879f3aeede7fc28b8b8b24acf02"
url = "https://releases.hashicorp.com/terraform/1.15.8/terraform_1.15.8_windows_amd64.zip"

[[tools.tflint]]
version = "0.63.1"
backend = "aqua:terraform-linters/tflint"

[tools.tflint."platforms.linux-arm64"]
checksum = "sha256:6d858ca7f11858c3fe3c5e29cc746823abccb55e2d2e2da130fa7ad7ea4eecb8"
url = "https://github.com/terraform-linters/tflint/releases/download/v0.63.1/tflint_linux_arm64.zip"
url_api = "https://api.github.com/repos/terraform-linters/tflint/releases/assets/437446187"
provenance = "github-attestations"

[tools.tflint."platforms.linux-arm64-musl"]
checksum = "sha256:6d858ca7f11858c3fe3c5e29cc746823abccb55e2d2e2da130fa7ad7ea4eecb8"
url = "https://github.com/terraform-linters/tflint/releases/download/v0.63.1/tflint_linux_arm64.zip"
url_api = "https://api.github.com/repos/terraform-linters/tflint/releases/assets/437446187"
provenance = "github-attestations"

[tools.tflint."platforms.linux-x64"]
checksum = "sha256:8441a7d97df20431f19c9b9d27ff4c63e308c964e86660bc7cc0cf7bbe0725e8"
url = "https://github.com/terraform-linters/tflint/releases/download/v0.63.1/tflint_linux_amd64.zip"
url_api = "https://api.github.com/repos/terraform-linters/tflint/releases/assets/437446150"
provenance = "github-attestations"

[tools.tflint."platforms.linux-x64-musl"]
checksum = "sha256:8441a7d97df20431f19c9b9d27ff4c63e308c964e86660bc7cc0cf7bbe0725e8"
url = "https://github.com/terraform-linters/tflint/releases/download/v0.63.1/tflint_linux_amd64.zip"
url_api = "https://api.github.com/repos/terraform-linters/tflint/releases/assets/437446150"
provenance = "github-attestations"

[tools.tflint."platforms.macos-arm64"]
checksum = "sha256:6aab157b22367dcab1635b370e98d6e791d9b40b021d4f9baef010d88f53e16b"
url = "https://github.com/terraform-linters/tflint/releases/download/v0.63.1/tflint_darwin_arm64.zip"
url_api = "https://api.github.com/repos/terraform-linters/tflint/releases/assets/437446148"
provenance = "github-attestations"

[tools.tflint."platforms.macos-x64"]
checksum = "sha256:1a22782473e4a01f0dd23edc649bed4420655a9e3459ffc06951e698eed7ad01"
url = "https://github.com/terraform-linters/tflint/releases/download/v0.63.1/tflint_darwin_amd64.zip"
url_api = "https://api.github.com/repos/terraform-linters/tflint/releases/assets/437446152"
provenance = "github-attestations"

[tools.tflint."platforms.windows-x64"]
checksum = "sha256:5fbfb643b83c4ad489bde15a0e0d46e53dc9aa8dfa76d25da3c4bd2698a41a19"
url = "https://github.com/terraform-linters/tflint/releases/download/v0.63.1/tflint_windows_amd64.zip"
url_api = "https://api.github.com/repos/terraform-linters/tflint/releases/assets/437446181"
provenance = "github-attestations"

[[tools.uv]]
version = "0.12.3"
backend = "aqua:astral-sh/uv"

[tools.uv."platforms.linux-arm64"]
checksum = "sha256:fa513fca1eb2913334c944fe9adbdd410274a1cbe8dd05d03699a9eb85311d4e"
url = "https://github.com/astral-sh/uv/releases/download/0.12.3/uv-aarch64-unknown-linux-musl.tar.gz"
url_api = "https://api.github.com/repos/astral-sh/uv/releases/assets/505387718"
provenance = "github-attestations"

[tools.uv."platforms.linux-arm64-musl"]
checksum = "sha256:fa513fca1eb2913334c944fe9adbdd410274a1cbe8dd05d03699a9eb85311d4e"
url = "https://github.com/astral-sh/uv/releases/download/0.12.3/uv-aarch64-unknown-linux-musl.tar.gz"
url_api = "https://api.github.com/repos/astral-sh/uv/releases/assets/505387718"
provenance = "github-attestations"

[tools.uv."platforms.linux-x64"]
checksum = "sha256:0643b9fb8c9fb27458e709ce6ff939695013c41975ff7b02d3f3b138d8d4bdb3"
url = "https://github.com/astral-sh/uv/releases/download/0.12.3/uv-x86_64-unknown-linux-musl.tar.gz"
url_api = "https://api.github.com/repos/astral-sh/uv/releases/assets/505387821"
provenance = "github-attestations"

[tools.uv."platforms.linux-x64-musl"]
checksum = "sha256:0643b9fb8c9fb27458e709ce6ff939695013c41975ff7b02d3f3b138d8d4bdb3"
url = "https://github.com/astral-sh/uv/releases/download/0.12.3/uv-x86_64-unknown-linux-musl.tar.gz"
url_api = "https://api.github.com/repos/astral-sh/uv/releases/assets/505387821"
provenance = "github-attestations"

[tools.uv."platforms.macos-arm64"]
checksum = "sha256:546f7f8a6c70ff13a3a9d2bc958db3427298cebf3e0cb756f9177133b7068843"
url = "https://github.com/astral-sh/uv/releases/download/0.12.3/uv-aarch64-apple-darwin.tar.gz"
url_api = "https://api.github.com/repos/astral-sh/uv/releases/assets/505387707"
provenance = "github-attestations"

[tools.uv."platforms.macos-x64"]
checksum = "sha256:4c9f52262a14da336e4a42ed24992d12d0c956acde87619e4611d321dffa602b"
url = "https://github.com/astral-sh/uv/releases/download/0.12.3/uv-x86_64-apple-darwin.tar.gz"
url_api = "https://api.github.com/repos/astral-sh/uv/releases/assets/505387807"
provenance = "github-attestations"

[tools.uv."platforms.windows-x64"]
checksum = "sha256:b23350c79e8ad0192b8124af13a0f17e8d4e4549524785e1aef389ae5a06990e"
url = "https://github.com/astral-sh/uv/releases/download/0.12.3/uv-x86_64-pc-windows-msvc.zip"
url_api = "https://api.github.com/repos/astral-sh/uv/releases/assets/505387809"
provenance = "github-attestations"
